
Microsoft Visual Studio Solution File, Format Version 12.00
# Visual Studio Version 17
VisualStudioVersion = 17.2.32616.157
MinimumVisualStudioVersion = 10.0.40219.1
Project("{FAE04EC0-301F-11D3-BF4B-00C04F79EFBC}") = "Kalkulater", "Kalkulater\Kalkulater.csproj", "{642E5411-7E3E-43ED-BF8A-022B0D92602B}"
EndProject
Global
	GlobalSection(SolutionConfigurationPlatforms) = preSolution
		Debug|Any CPU = Debug|Any CPU
		Release|Any CPU = Release|Any CPU
	EndGlobalSection
	GlobalSection(ProjectConfigurationPlatforms) = postSolution
		{642E5411-7E3E-43ED-BF8A-022B0D92602B}.Debug|Any CPU.ActiveCfg = Debug|Any CPU
		{642E5411-7E3E-43ED-BF8A-022B0D92602B}.Debug|Any CPU.Build.0 = Debug|Any CPU
		{642E5411-7E3E-43ED-BF8A-022B0D92602B}.Release|Any CPU.ActiveCfg = Release|Any CPU
		{642E5411-7E3E-43ED-BF8A-022B0D92602B}.Release|Any CPU.Build.0 = Release|Any CPU
	EndGlobalSection
	GlobalSection(SolutionProperties) = preSolution
		HideSolutionNode = FALSE
	EndGlobalSection
	GlobalSection(ExtensibilityGlobals) = postSolution
		SolutionGuid = {F34D9171-75E9-458D-8F98-7506F18512DD}
	EndGlobalSection
EndGlobal
